
Microsoft Visual Studio Solution File, Format Version 12.00
Project("{2150E333-8FDC-42A3-9474-1A3956D46DE8}") = "Services", "Services", "{BEACC394-BCB6-4FDB-A518-086EA155D930}"
EndProject
Project("{2150E333-8FDC-42A3-9474-1A3956D46DE8}") = "Catalog", "Catalog", "{F2A6663A-95F6-4908-8B00-E8BCACD82D26}"
EndProject
Project("{FAE04EC0-301F-11D3-BF4B-00C04F79EFBC}") = "Catalog.API", "Services\Catalog\Catalog.API\Catalog.API.csproj", "{3BFF67FE-328C-4D5E-BCAC-7293DDC7D239}"
EndProject
Project("{2150E333-8FDC-42A3-9474-1A3956D46DE8}") = "BuildingBlocks", "BuildingBlocks", "{83BDDDD0-B198-4DC0-AD4A-6B1F00816D0E}"
EndProject
Project("{FAE04EC0-301F-11D3-BF4B-00C04F79EFBC}") = "BuildingBlocks", "BuildingBlocks\BuildingBlocks\BuildingBlocks.csproj", "{88CDEBE4-B41E-4EC6-B22C-E3049707639F}"
EndProject
Global
	GlobalSection(SolutionConfigurationPlatforms) = preSolution
		Debug|Any CPU = Debug|Any CPU
		Release|Any CPU = Release|Any CPU
	EndGlobalSection
	GlobalSection(NestedProjects) = preSolution
		{F2A6663A-95F6-4908-8B00-E8BCACD82D26} = {BEACC394-BCB6-4FDB-A518-086EA155D930}
		{3BFF67FE-328C-4D5E-BCAC-7293DDC7D239} = {F2A6663A-95F6-4908-8B00-E8BCACD82D26}
		{88CDEBE4-B41E-4EC6-B22C-E3049707639F} = {83BDDDD0-B198-4DC0-AD4A-6B1F00816D0E}
	EndGlobalSection
	GlobalSection(ProjectConfigurationPlatforms) = postSolution
		{3BFF67FE-328C-4D5E-BCAC-7293DDC7D239}.Debug|Any CPU.ActiveCfg = Debug|Any CPU
		{3BFF67FE-328C-4D5E-BCAC-7293DDC7D239}.Debug|Any CPU.Build.0 = Debug|Any CPU
		{3BFF67FE-328C-4D5E-BCAC-7293DDC7D239}.Release|Any CPU.ActiveCfg = Release|Any CPU
		{3BFF67FE-328C-4D5E-BCAC-7293DDC7D239}.Release|Any CPU.Build.0 = Release|Any CPU
		{88CDEBE4-B41E-4EC6-B22C-E3049707639F}.Debug|Any CPU.ActiveCfg = Debug|Any CPU
		{88CDEBE4-B41E-4EC6-B22C-E3049707639F}.Debug|Any CPU.Build.0 = Debug|Any CPU
		{88CDEBE4-B41E-4EC6-B22C-E3049707639F}.Release|Any CPU.ActiveCfg = Release|Any CPU
		{88CDEBE4-B41E-4EC6-B22C-E3049707639F}.Release|Any CPU.Build.0 = Release|Any CPU
	EndGlobalSection
EndGlobal
